
Microsoft Visual Studio Solution File, Format Version 12.00
# Visual Studio Version 17
VisualStudioVersion = 17.0.31912.275
MinimumVisualStudioVersion = 10.0.40219.1
Project("{FAE04EC0-301F-11D3-BF4B-00C04F79EFBC}") = "GetechnologiesMxFront", "GetechnologiesMxFront\GetechnologiesMxFront.csproj", "{F024FD8D-36D2-4A9D-AAC5-E5DDB78E0F09}"
EndProject
Global
	GlobalSection(SolutionConfigurationPlatforms) = preSolution
		Debug|Any CPU = Debug|Any CPU
		Release|Any CPU = Release|Any CPU
	EndGlobalSection
	GlobalSection(ProjectConfigurationPlatforms) = postSolution
		{F024FD8D-36D2-4A9D-AAC5-E5DDB78E0F09}.Debug|Any CPU.ActiveCfg = Debug|Any CPU
		{F024FD8D-36D2-4A9D-AAC5-E5DDB78E0F09}.Debug|Any CPU.Build.0 = Debug|Any CPU
		{F024FD8D-36D2-4A9D-AAC5-E5DDB78E0F09}.Release|Any CPU.ActiveCfg = Release|Any CPU
		{F024FD8D-36D2-4A9D-AAC5-E5DDB78E0F09}.Release|Any CPU.Build.0 = Release|Any CPU
	EndGlobalSection
	GlobalSection(SolutionProperties) = preSolution
		HideSolutionNode = FALSE
	EndGlobalSection
	GlobalSection(ExtensibilityGlobals) = postSolution
		SolutionGuid = {9F1037ED-DF84-41DB-82F9-3017949C20DE}
	EndGlobalSection
EndGlobal
